// !$*UTF8*$!
{
	archiveVersion = 1;
	classes = {
	};
	objectVersion = 55;
	objects = {

/* Begin PBXBuildFile section */
		E48101D128E1EC96002EBFE2 /* AppDelegate.swift in Sources */ = {isa = PBXBuildFile; fileRef = E48101D028E1EC96002EBFE2 /* AppDelegate.swift */; };
		E48101D328E1EC96002EBFE2 /* SceneDelegate.swift in Sources */ = {isa = PBXBuildFile; fileRef = E48101D228E1EC96002EBFE2 /* SceneDelegate.swift */; };
		E48101D528E1EC96002EBFE2 /* ViewController.swift in Sources */ = {isa = PBXBuildFile; fileRef = E48101D428E1EC96002EBFE2 /* ViewController.swift */; };
		E48101DA28E1EC97002EBFE2 /* Assets.xcassets in Resources */ = {isa = PBXBuildFile; fileRef = E48101D928E1EC97002EBFE2 /* Assets.xcassets */; };
		E48101DD28E1EC97002EBFE2 /* LaunchScreen.storyboard in Resources */ = {isa = PBXBuildFile; fileRef = E48101DB28E1EC97002EBFE2 /* LaunchScreen.storyboard */; };
		E4D152E528E1EFE3000E3E31 /* AIIMainTabBarControllerViewController.swift in Sources */ = {isa = PBXBuildFile; fileRef = E4D152E428E1EFE3000E3E31 /* AIIMainTabBarControllerViewController.swift */; };
		E4D152E828E1F039000E3E31 /* HomeViewController.swift in Sources */ = {isa = PBXBuildFile; fileRef = E4D152E728E1F039000E3E31 /* HomeViewController.swift */; };
		E4D152EA28E1F050000E3E31 /* CategoryViewController.swift in Sources */ = {isa = PBXBuildFile; fileRef = E4D152E928E1F050000E3E31 /* CategoryViewController.swift */; };
		E4D152EC28E1F05C000E3E31 /* FoundViewController.swift in Sources */ = {isa = PBXBuildFile; fileRef = E4D152EB28E1F05C000E3E31 /* FoundViewController.swift */; };
		E4D152EE28E1F066000E3E31 /* CartViewController.swift in Sources */ = {isa = PBXBuildFile; fileRef = E4D152ED28E1F066000E3E31 /* CartViewController.swift */; };
		E4D152F028E1F06F000E3E31 /* MineViewController.swift in Sources */ = {isa = PBXBuildFile; fileRef = E4D152EF28E1F06F000E3E31 /* MineViewController.swift */; };
		E4D152F328E1FF80000E3E31 /* AIIBaseViewController.swift in Sources */ = {isa = PBXBuildFile; fileRef = E4D152F228E1FF80000E3E31 /* AIIBaseViewController.swift */; };
		E4D152F528E1FFFE000E3E31 /* AIICustomNavigationController.swift in Sources */ = {isa = PBXBuildFile; fileRef = E4D152F428E1FFFE000E3E31 /* AIICustomNavigationController.swift */; };
/* End PBXBuildFile section */

/* Begin PBXFileReference section */
		E48101CD28E1EC96002EBFE2 /* AII_Proj_JD.app */ = {isa = PBXFileReference; explicitFileType = wrapper.application; includeInIndex = 0; path = AII_Proj_JD.app; sourceTree = BUILT_PRODUCTS_DIR; };
		E48101D028E1EC96002EBFE2 /* AppDelegate.swift */ = {isa = PBXFileReference; lastKnownFileType = sourcecode.swift; path = AppDelegate.swift; sourceTree = "<group>"; };
		E48101D228E1EC96002EBFE2 /* SceneDelegate.swift */ = {isa = PBXFileReference; lastKnownFileType = sourcecode.swift; path = SceneDelegate.swift; sourceTree = "<group>"; };
		E48101D428E1EC96002EBFE2 /* ViewController.swift */ = {isa = PBXFileReference; lastKnownFileType = sourcecode.swift; path = ViewController.swift; sourceTree = "<group>"; };
		E48101D928E1EC97002EBFE2 /* Assets.xcassets */ = {isa = PBXFileReference; lastKnownFileType = folder.assetcatalog; path = Assets.xcassets; sourceTree = "<group>"; };
		E48101DC28E1EC97002EBFE2 /* Base */ = {isa = PBXFileReference; lastKnownFileType = file.storyboard; name = Base; path = Base.lproj/LaunchScreen.storyboard; sourceTree = "<group>"; };
		E48101DE28E1EC97002EBFE2 /* Info.plist */ = {isa = PBXFileReference; lastKnownFileType = text.plist.xml; path = Info.plist; sourceTree = "<group>"; };
		E4D152E428E1EFE3000E3E31 /* AIIMainTabBarControllerViewController.swift */ = {isa = PBXFileReference; lastKnownFileType = sourcecode.swift; path = AIIMainTabBarControllerViewController.swift; sourceTree = "<group>"; };
		E4D152E728E1F039000E3E31 /* HomeViewController.swift */ = {isa = PBXFileReference; lastKnownFileType = sourcecode.swift; path = HomeViewController.swift; sourceTree = "<group>"; };
		E4D152E928E1F050000E3E31 /* CategoryViewController.swift */ = {isa = PBXFileReference; lastKnownFileType = sourcecode.swift; path = CategoryViewController.swift; sourceTree = "<group>"; };
		E4D152EB28E1F05C000E3E31 /* FoundViewController.swift */ = {isa = PBXFileReference; lastKnownFileType = sourcecode.swift; path = FoundViewController.swift; sourceTree = "<group>"; };
		E4D152ED28E1F066000E3E31 /* CartViewController.swift */ = {isa = PBXFileReference; lastKnownFileType = sourcecode.swift; path = CartViewController.swift; sourceTree = "<group>"; };
		E4D152EF28E1F06F000E3E31 /* MineViewController.swift */ = {isa = PBXFileReference; lastKnownFileType = sourcecode.swift; path = MineViewController.swift; sourceTree = "<group>"; };
		E4D152F228E1FF80000E3E31 /* AIIBaseViewController.swift */ = {isa = PBXFileReference; lastKnownFileType = sourcecode.swift; path = AIIBaseViewController.swift; sourceTree = "<group>"; };
		E4D152F428E1FFFE000E3E31 /* AIICustomNavigationController.swift */ = {isa = PBXFileReference; lastKnownFileType = sourcecode.swift; path = AIICustomNavigationController.swift; sourceTree = "<group>"; };
/* End PBXFileReference section */

/* Begin PBXFrameworksBuildPhase section */
		E48101CA28E1EC96002EBFE2 /* Frameworks */ = {
			isa = PBXFrameworksBuildPhase;
			buildActionMask = 2147483647;
			files = (
			);
			runOnlyForDeploymentPostprocessing = 0;
		};
/* End PBXFrameworksBuildPhase section */

/* Begin PBXGroup section */
		E48101C428E1EC96002EBFE2 = {
			isa = PBXGroup;
			children = (
				E48101CF28E1EC96002EBFE2 /* AII_Proj_JD */,
				E48101CE28E1EC96002EBFE2 /* Products */,
			);
			sourceTree = "<group>";
		};
		E48101CE28E1EC96002EBFE2 /* Products */ = {
			isa = PBXGroup;
			children = (
				E48101CD28E1EC96002EBFE2 /* AII_Proj_JD.app */,
			);
			name = Products;
			sourceTree = "<group>";
		};
		E48101CF28E1EC96002EBFE2 /* AII_Proj_JD */ = {
			isa = PBXGroup;
			children = (
				E4D152F128E1FF6A000E3E31 /* BaseViewControllers */,
				E4D152E628E1F00B000E3E31 /* ViewControllers */,
				E4D152E328E1EFA1000E3E31 /* TabBarController */,
				E48101D028E1EC96002EBFE2 /* AppDelegate.swift */,
				E48101D228E1EC96002EBFE2 /* SceneDelegate.swift */,
				E48101D428E1EC96002EBFE2 /* ViewController.swift */,
				E48101D928E1EC97002EBFE2 /* Assets.xcassets */,
				E48101DB28E1EC97002EBFE2 /* LaunchScreen.storyboard */,
				E48101DE28E1EC97002EBFE2 /* Info.plist */,
			);
			path = AII_Proj_JD;
			sourceTree = "<group>";
		};
		E4D152E328E1EFA1000E3E31 /* TabBarController */ = {
			isa = PBXGroup;
			children = (
				E4D152E428E1EFE3000E3E31 /* AIIMainTabBarControllerViewController.swift */,
			);
			path = TabBarController;
			sourceTree = "<group>";
		};
		E4D152E628E1F00B000E3E31 /* ViewControllers */ = {
			isa = PBXGroup;
			children = (
				E4D152E728E1F039000E3E31 /* HomeViewController.swift */,
				E4D152E928E1F050000E3E31 /* CategoryViewController.swift */,
				E4D152EB28E1F05C000E3E31 /* FoundViewController.swift */,
				E4D152ED28E1F066000E3E31 /* CartViewController.swift */,
				E4D152EF28E1F06F000E3E31 /* MineViewController.swift */,
			);
			path = ViewControllers;
			sourceTree = "<group>";
		};
		E4D152F128E1FF6A000E3E31 /* BaseViewControllers */ = {
			isa = PBXGroup;
			children = (
				E4D152F228E1FF80000E3E31 /* AIIBaseViewController.swift */,
				E4D152F428E1FFFE000E3E31 /* AIICustomNavigationController.swift */,
			);
			path = BaseViewControllers;
			sourceTree = "<group>";
		};
/* End PBXGroup section */

/* Begin PBXNativeTarget section */
		E48101CC28E1EC96002EBFE2 /* AII_Proj_JD */ = {
			isa = PBXNativeTarget;
			buildConfigurationList = E48101E128E1EC97002EBFE2 /* Build configuration list for PBXNativeTarget "AII_Proj_JD" */;
			buildPhases = (
				E48101C928E1EC96002EBFE2 /* Sources */,
				E48101CA28E1EC96002EBFE2 /* Frameworks */,
				E48101CB28E1EC96002EBFE2 /* Resources */,
			);
			buildRules = (
			);
			dependencies = (
			);
			name = AII_Proj_JD;
			productName = AII_Proj_JD;
			productReference = E48101CD28E1EC96002EBFE2 /* AII_Proj_JD.app */;
			productType = "com.apple.product-type.application";
		};
/* End PBXNativeTarget section */

/* Begin PBXProject section */
		E48101C528E1EC96002EBFE2 /* Project object */ = {
			isa = PBXProject;
			attributes = {
				BuildIndependentTargetsInParallel = 1;
				LastSwiftUpdateCheck = 1340;
				LastUpgradeCheck = 1340;
				TargetAttributes = {
					E48101CC28E1EC96002EBFE2 = {
						CreatedOnToolsVersion = 13.4.1;
					};
				};
			};
			buildConfigurationList = E48101C828E1EC96002EBFE2 /* Build configuration list for PBXProject "AII_Proj_JD" */;
			compatibilityVersion = "Xcode 13.0";
			developmentRegion = en;
			hasScannedForEncodings = 0;
			knownRegions = (
				en,
				Base,
			);
			mainGroup = E48101C428E1EC96002EBFE2;
			productRefGroup = E48101CE28E1EC96002EBFE2 /* Products */;
			projectDirPath = "";
			projectRoot = "";
			targets = (
				E48101CC28E1EC96002EBFE2 /* AII_Proj_JD */,
			);
		};
/* End PBXProject section */

/* Begin PBXResourcesBuildPhase section */
		E48101CB28E1EC96002EBFE2 /* Resources */ = {
			isa = PBXResourcesBuildPhase;
			buildActionMask = 2147483647;
			files = (
				E48101DD28E1EC97002EBFE2 /* LaunchScreen.storyboard in Resources */,
				E48101DA28E1EC97002EBFE2 /* Assets.xcassets in Resources */,
			);
			runOnlyForDeploymentPostprocessing = 0;
		};
/* End PBXResourcesBuildPhase section */

/* Begin PBXSourcesBuildPhase section */
		E48101C928E1EC96002EBFE2 /* Sources */ = {
			isa = PBXSourcesBuildPhase;
			buildActionMask = 2147483647;
			files = (
				E4D152E828E1F039000E3E31 /* HomeViewController.swift in Sources */,
				E4D152F528E1FFFE000E3E31 /* AIICustomNavigationController.swift in Sources */,
				E48101D528E1EC96002EBFE2 /* ViewController.swift in Sources */,
				E4D152F028E1F06F000E3E31 /* MineViewController.swift in Sources */,
				E4D152E528E1EFE3000E3E31 /* AIIMainTabBarControllerViewController.swift in Sources */,
				E48101D128E1EC96002EBFE2 /* AppDelegate.swift in Sources */,
				E4D152EE28E1F066000E3E31 /* CartViewController.swift in Sources */,
				E4D152EA28E1F050000E3E31 /* CategoryViewController.swift in Sources */,
				E4D152F328E1FF80000E3E31 /* AIIBaseViewController.swift in Sources */,
				E4D152EC28E1F05C000E3E31 /* FoundViewController.swift in Sources */,
				E48101D328E1EC96002EBFE2 /* SceneDelegate.swift in Sources */,
			);
			runOnlyForDeploymentPostprocessing = 0;
		};
/* End PBXSourcesBuildPhase section */

/* Begin PBXVariantGroup section */
		E48101DB28E1EC97002EBFE2 /* LaunchScreen.storyboard */ = {
			isa = PBXVariantGroup;
			children = (
				E48101DC28E1EC97002EBFE2 /* Base */,
			);
			name = LaunchScreen.storyboard;
			sourceTree = "<group>";
		};
/* End PBXVariantGroup section */

/* Begin XCBuildConfiguration section */
		E48101DF28E1EC97002EBFE2 /* Debug */ = {
			isa = XCBuildConfiguration;
			buildSettings = {
				ALWAYS_SEARCH_USER_PATHS = NO;
				CLANG_ANALYZER_NONNULL = YES;
				CLANG_ANALYZER_NUMBER_OBJECT_CONVERSION = YES_AGGRESSIVE;
				CLANG_CXX_LANGUAGE_STANDARD = "gnu++17";
				CLANG_ENABLE_MODULES = YES;
				CLANG_ENABLE_OBJC_ARC = YES;
				CLANG_ENABLE_OBJC_WEAK = YES;
				CLANG_WARN_BLOCK_CAPTURE_AUTORELEASING = YES;
				CLANG_WARN_BOOL_CONVERSION = YES;
				CLANG_WARN_COMMA = YES;
				CLANG_WARN_CONSTANT_CONVERSION = YES;
				CLANG_WARN_DEPRECATED_OBJC_IMPLEMENTATIONS = YES;
				CLANG_WARN_DIRECT_OBJC_ISA_USAGE = YES_ERROR;
				CLANG_WARN_DOCUMENTATION_COMMENTS = YES;
				CLANG_WARN_EMPTY_BODY = YES;
				CLANG_WARN_ENUM_CONVERSION = YES;
				CLANG_WARN_INFINITE_RECURSION = YES;
				CLANG_WARN_INT_CONVERSION = YES;
				CLANG_WARN_NON_LITERAL_NULL_CONVERSION = YES;
				CLANG_WARN_OBJC_IMPLICIT_RETAIN_SELF = YES;
				CLANG_WARN_OBJC_LITERAL_CONVERSION = YES;
				CLANG_WARN_OBJC_ROOT_CLASS = YES_ERROR;
				CLANG_WARN_QUOTED_INCLUDE_IN_FRAMEWORK_HEADER = YES;
				CLANG_WARN_RANGE_LOOP_ANALYSIS = YES;
				CLANG_WARN_STRICT_PROTOTYPES = YES;
				CLANG_WARN_SUSPICIOUS_MOVE = YES;
				CLANG_WARN_UNGUARDED_AVAILABILITY = YES_AGGRESSIVE;
				CLANG_WARN_UNREACHABLE_CODE = YES;
				CLANG_WARN__DUPLICATE_METHOD_MATCH = YES;
				COPY_PHASE_STRIP = NO;
				DEBUG_INFORMATION_FORMAT = dwarf;
				ENABLE_STRICT_OBJC_MSGSEND = YES;
				ENABLE_TESTABILITY = YES;
				GCC_C_LANGUAGE_STANDARD = gnu11;
				GCC_DYNAMIC_NO_PIC = NO;
				GCC_NO_COMMON_BLOCKS = YES;
				GCC_OPTIMIZATION_LEVEL = 0;
				GCC_PREPROCESSOR_DEFINITIONS = (
					"DEBUG=1",
					"$(inherited)",
				);
				GCC_WARN_64_TO_32_BIT_CONVERSION = YES;
				GCC_WARN_ABOUT_RETURN_TYPE = YES_ERROR;
				GCC_WARN_UNDECLARED_SELECTOR = YES;
				GCC_WARN_UNINITIALIZED_AUTOS = YES_AGGRESSIVE;
				GCC_WARN_UNUSED_FUNCTION = YES;
				GCC_WARN_UNUSED_VARIABLE = YES;
				IPHONEOS_DEPLOYMENT_TARGET = 15.5;
				MTL_ENABLE_DEBUG_INFO = INCLUDE_SOURCE;
				MTL_FAST_MATH = YES;
				ONLY_ACTIVE_ARCH = YES;
				SDKROOT = iphoneos;
				SWIFT_ACTIVE_COMPILATION_CONDITIONS = DEBUG;
				SWIFT_OPTIMIZATION_LEVEL = "-Onone";
			};
			name = Debug;
		};
		E48101E028E1EC97002EBFE2 /* Release */ = {
			isa = XCBuildConfiguration;
			buildSettings = {
				ALWAYS_SEARCH_USER_PATHS = NO;
				CLANG_ANALYZER_NONNULL = YES;
				CLANG_ANALYZER_NUMBER_OBJECT_CONVERSION = YES_AGGRESSIVE;
				CLANG_CXX_LANGUAGE_STANDARD = "gnu++17";
				CLANG_ENABLE_MODULES = YES;
				CLANG_ENABLE_OBJC_ARC = YES;
				CLANG_ENABLE_OBJC_WEAK = YES;
				CLANG_WARN_BLOCK_CAPTURE_AUTORELEASING = YES;
				CLANG_WARN_BOOL_CONVERSION = YES;
				CLANG_WARN_COMMA = YES;
				CLANG_WARN_CONSTANT_CONVERSION = YES;
				CLANG_WARN_DEPRECATED_OBJC_IMPLEMENTATIONS = YES;
				CLANG_WARN_DIRECT_OBJC_ISA_USAGE = YES_ERROR;
				CLANG_WARN_DOCUMENTATION_COMMENTS = YES;
				CLANG_WARN_EMPTY_BODY = YES;
				CLANG_WARN_ENUM_CONVERSION = YES;
				CLANG_WARN_INFINITE_RECURSION = YES;
				CLANG_WARN_INT_CONVERSION = YES;
				CLANG_WARN_NON_LITERAL_NULL_CONVERSION = YES;
				CLANG_WARN_OBJC_IMPLICIT_RETAIN_SELF = YES;
				CLANG_WARN_OBJC_LITERAL_CONVERSION = YES;
				CLANG_WARN_OBJC_ROOT_CLASS = YES_ERROR;
				CLANG_WARN_QUOTED_INCLUDE_IN_FRAMEWORK_HEADER = YES;
				CLANG_WARN_RANGE_LOOP_ANALYSIS = YES;
				CLANG_WARN_STRICT_PROTOTYPES = YES;
				CLANG_WARN_SUSPICIOUS_MOVE = YES;
				CLANG_WARN_UNGUARDED_AVAILABILITY = YES_AGGRESSIVE;
				CLANG_WARN_UNREACHABLE_CODE = YES;
				CLANG_WARN__DUPLICATE_METHOD_MATCH = YES;
				COPY_PHASE_STRIP = NO;
				DEBUG_INFORMATION_FORMAT = "dwarf-with-dsym";
				ENABLE_NS_ASSERTIONS = NO;
				ENABLE_STRICT_OBJC_MSGSEND = YES;
				GCC_C_LANGUAGE_STANDARD = gnu11;
				GCC_NO_COMMON_BLOCKS = YES;
				GCC_WARN_64_TO_32_BIT_CONVERSION = YES;
				GCC_WARN_ABOUT_RETURN_TYPE = YES_ERROR;
				GCC_WARN_UNDECLARED_SELECTOR = YES;
				GCC_WARN_UNINITIALIZED_AUTOS = YES_AGGRESSIVE;
				GCC_WARN_UNUSED_FUNCTION = YES;
				GCC_WARN_UNUSED_VARIABLE = YES;
				IPHONEOS_DEPLOYMENT_TARGET = 15.5;
				MTL_ENABLE_DEBUG_INFO = NO;
				MTL_FAST_MATH = YES;
				SDKROOT = iphoneos;
				SWIFT_COMPILATION_MODE = wholemodule;
				SWIFT_OPTIMIZATION_LEVEL = "-O";
				VALIDATE_PRODUCT = YES;
			};
			name = Release;
		};
		E48101E228E1EC97002EBFE2 /* Debug */ = {
			isa = XCBuildConfiguration;
			buildSettings = {
				ASSETCATALOG_COMPILER_APPICON_NAME = AppIcon;
				ASSETCATALOG_COMPILER_GLOBAL_ACCENT_COLOR_NAME = AccentColor;
				CODE_SIGN_STYLE = Automatic;
				CURRENT_PROJECT_VERSION = 1;
				GENERATE_INFOPLIST_FILE = YES;
				INFOPLIST_FILE = AII_Proj_JD/Info.plist;
				INFOPLIST_KEY_UIApplicationSupportsIndirectInputEvents = YES;
				INFOPLIST_KEY_UILaunchStoryboardName = LaunchScreen;
				INFOPLIST_KEY_UISupportedInterfaceOrientations_iPad = "UIInterfaceOrientationPortrait UIInterfaceOrientationPortraitUpsideDown UIInterfaceOrientationLandscapeLeft UIInterfaceOrientationLandscapeRight";
				INFOPLIST_KEY_UISupportedInterfaceOrientations_iPhone = "UIInterfaceOrientationPortrait UIInterfaceOrientationLandscapeLeft UIInterfaceOrientationLandscapeRight";
				LD_RUNPATH_SEARCH_PATHS = (
					"$(inherited)",
					"@executable_path/Frameworks",
				);
				MARKETING_VERSION = 1.0;
				PRODUCT_BUNDLE_IDENTIFIER = "AiiWing.AII-Proj-JD";
				PRODUCT_NAME = "$(TARGET_NAME)";
				SWIFT_EMIT_LOC_STRINGS = YES;
				SWIFT_VERSION = 5.0;
				TARGETED_DEVICE_FAMILY = 1;
			};
			name = Debug;
		};
		E48101E328E1EC97002EBFE2 /* Release */ = {
			isa = XCBuildConfiguration;
			buildSettings = {
				ASSETCATALOG_COMPILER_APPICON_NAME = AppIcon;
				ASSETCATALOG_COMPILER_GLOBAL_ACCENT_COLOR_NAME = AccentColor;
				CODE_SIGN_STYLE = Automatic;
				CURRENT_PROJECT_VERSION = 1;
				GENERATE_INFOPLIST_FILE = YES;
				INFOPLIST_FILE = AII_Proj_JD/Info.plist;
				INFOPLIST_KEY_UIApplicationSupportsIndirectInputEvents = YES;
				INFOPLIST_KEY_UILaunchStoryboardName = LaunchScreen;
				INFOPLIST_KEY_UISupportedInterfaceOrientations_iPad = "UIInterfaceOrientationPortrait UIInterfaceOrientationPortraitUpsideDown UIInterfaceOrientationLandscapeLeft UIInterfaceOrientationLandscapeRight";
				INFOPLIST_KEY_UISupportedInterfaceOrientations_iPhone = "UIInterfaceOrientationPortrait UIInterfaceOrientationLandscapeLeft UIInterfaceOrientationLandscapeRight";
				LD_RUNPATH_SEARCH_PATHS = (
					"$(inherited)",
					"@executable_path/Frameworks",
				);
				MARKETING_VERSION = 1.0;
				PRODUCT_BUNDLE_IDENTIFIER = "AiiWing.AII-Proj-JD";
				PRODUCT_NAME = "$(TARGET_NAME)";
				SWIFT_EMIT_LOC_STRINGS = YES;
				SWIFT_VERSION = 5.0;
				TARGETED_DEVICE_FAMILY = 1;
			};
			name = Release;
		};
/* End XCBuildConfiguration section */

/* Begin XCConfigurationList section */
		E48101C828E1EC96002EBFE2 /* Build configuration list for PBXProject "AII_Proj_JD" */ = {
			isa = XCConfigurationList;
			buildConfigurations = (
				E48101DF28E1EC97002EBFE2 /* Debug */,
				E48101E028E1EC97002EBFE2 /* Release */,
			);
			defaultConfigurationIsVisible = 0;
			defaultConfigurationName = Release;
		};
		E48101E128E1EC97002EBFE2 /* Build configuration list for PBXNativeTarget "AII_Proj_JD" */ = {
			isa = XCConfigurationList;
			buildConfigurations = (
				E48101E228E1EC97002EBFE2 /* Debug */,
				E48101E328E1EC97002EBFE2 /* Release */,
			);
			defaultConfigurationIsVisible = 0;
			defaultConfigurationName = Release;
		};
/* End XCConfigurationList section */
	};
	rootObject = E48101C528E1EC96002EBFE2 /* Project object */;
}
